
Microsoft Visual Studio Solution File, Format Version 12.00
# Visual Studio Version 16
VisualStudioVersion = 16.0.29009.5
MinimumVisualStudioVersion = 10.0.40219.1
Project("{FAE04EC0-301F-11D3-BF4B-00C04F79EFBC}") = "AddressBook", "AddressBook.csproj", "{C247824C-87B6-4365-A2EE-40243FD18CC8}"
EndProject
Project("{FAE04EC0-301F-11D3-BF4B-00C04F79EFBC}") = "AddressBookServices", "..\AddressBookServices\AddressBookServices.csproj", "{2EAFABAD-C782-4DE4-AEE9-E36004E6A4B0}"
EndProject
Project("{FAE04EC0-301F-11D3-BF4B-00C04F79EFBC}") = "ContactModels", "..\ContactModels\ContactModels.csproj", "{7CE548E6-7A28-4008-A67B-25EC0115AC78}"
EndProject
Global
	GlobalSection(SolutionConfigurationPlatforms) = preSolution
		Debug|Any CPU = Debug|Any CPU
		Release|Any CPU = Release|Any CPU
	EndGlobalSection
	GlobalSection(ProjectConfigurationPlatforms) = postSolution
		{C247824C-87B6-4365-A2EE-40243FD18CC8}.Debug|Any CPU.ActiveCfg = Debug|Any CPU
		{C247824C-87B6-4365-A2EE-40243FD18CC8}.Debug|Any CPU.Build.0 = Debug|Any CPU
		{C247824C-87B6-4365-A2EE-40243FD18CC8}.Release|Any CPU.ActiveCfg = Release|Any CPU
		{C247824C-87B6-4365-A2EE-40243FD18CC8}.Release|Any CPU.Build.0 = Release|Any CPU
		{2EAFABAD-C782-4DE4-AEE9-E36004E6A4B0}.Debug|Any CPU.ActiveCfg = Debug|Any CPU
		{2EAFABAD-C782-4DE4-AEE9-E36004E6A4B0}.Debug|Any CPU.Build.0 = Debug|Any CPU
		{2EAFABAD-C782-4DE4-AEE9-E36004E6A4B0}.Release|Any CPU.ActiveCfg = Release|Any CPU
		{2EAFABAD-C782-4DE4-AEE9-E36004E6A4B0}.Release|Any CPU.Build.0 = Release|Any CPU
		{7CE548E6-7A28-4008-A67B-25EC0115AC78}.Debug|Any CPU.ActiveCfg = Debug|Any CPU
		{7CE548E6-7A28-4008-A67B-25EC0115AC78}.Debug|Any CPU.Build.0 = Debug|Any CPU
		{7CE548E6-7A28-4008-A67B-25EC0115AC78}.Release|Any CPU.ActiveCfg = Release|Any CPU
		{7CE548E6-7A28-4008-A67B-25EC0115AC78}.Release|Any CPU.Build.0 = Release|Any CPU
	EndGlobalSection
	GlobalSection(SolutionProperties) = preSolution
		HideSolutionNode = FALSE
	EndGlobalSection
	GlobalSection(ExtensibilityGlobals) = postSolution
		SolutionGuid = {11AA559D-6675-422C-99D1-9216AA7EF56C}
	EndGlobalSection
EndGlobal
